{
  "requires": true,
  "lockfileVersion": 1,
  "dependencies": {
    "@types/jasmine": {
      "version": "3.5.11",
      "resolved": "https://registry.npmjs.org/@types/jasmine/-/jasmine-3.5.11.tgz",
      "integrity": "sha512-fg1rOd/DehQTIJTifGqGVY6q92lDgnLfs7C6t1ccSwQrMyoTGSoH6wWzhJDZb6ezhsdwAX4EIBLe8w5fXWmEng==",
      "dev": true
    },
    "@types/mocha": {
      "version": "8.0.0",
      "resolved": "https://registry.npmjs.org/@types/mocha/-/mocha-8.0.0.tgz",
      "integrity": "sha512-jWeYcTo3sCH/rMgsdYXDTO85GNRyTCII5dayMIu/ZO4zbEot1E3iNGaOwpLReLUHjeNQFkgeNNVYlY4dX6azQQ=="
    }
  }
}
